// !$*UTF8*$!
{
	archiveVersion = 1;
	classes = {
	};
	objectVersion = 46;
	objects = {

/* Begin PBXBuildFile section */
		1574E1FB722AB6D2191D5CF4 /* Pods_CyclecityTests.framework in Frameworks */ = {isa = PBXBuildFile; fileRef = 03A4A3D1981D5F28E13A3A59 /* Pods_CyclecityTests.framework */; settings = {ATTRIBUTES = (Weak, ); }; };
		8667113B1B1CD6950057774E /* AppDependencies.swift in Sources */ = {isa = PBXBuildFile; fileRef = 866711381B1CD6950057774E /* AppDependencies.swift */; };
		8667113C1B1CD6950057774E /* HomeWireframe.swift in Sources */ = {isa = PBXBuildFile; fileRef = 866711391B1CD6950057774E /* HomeWireframe.swift */; };
		8667113D1B1CD6950057774E /* RootWireframe.swift in Sources */ = {isa = PBXBuildFile; fileRef = 8667113A1B1CD6950057774E /* RootWireframe.swift */; };
		8667113F1B1CD7230057774E /* HomeViewController.swift in Sources */ = {isa = PBXBuildFile; fileRef = 8667113E1B1CD7230057774E /* HomeViewController.swift */; };
		866711411B1CD7750057774E /* HomePresenter.swift in Sources */ = {isa = PBXBuildFile; fileRef = 866711401B1CD7750057774E /* HomePresenter.swift */; };
		86A436721B1CD5A9005CE1A1 /* AppDelegate.swift in Sources */ = {isa = PBXBuildFile; fileRef = 86A436711B1CD5A9005CE1A1 /* AppDelegate.swift */; };
		86A436741B1CD5A9005CE1A1 /* ViewController.swift in Sources */ = {isa = PBXBuildFile; fileRef = 86A436731B1CD5A9005CE1A1 /* ViewController.swift */; };
		86A436771B1CD5A9005CE1A1 /* Main.storyboard in Resources */ = {isa = PBXBuildFile; fileRef = 86A436751B1CD5A9005CE1A1 /* Main.storyboard */; };
		86A436791B1CD5A9005CE1A1 /* Images.xcassets in Resources */ = {isa = PBXBuildFile; fileRef = 86A436781B1CD5A9005CE1A1 /* Images.xcassets */; };
		86A4367C1B1CD5A9005CE1A1 /* LaunchScreen.xib in Resources */ = {isa = PBXBuildFile; fileRef = 86A4367A1B1CD5A9005CE1A1 /* LaunchScreen.xib */; };
		86A436881B1CD5A9005CE1A1 /* CyclecityTests.swift in Sources */ = {isa = PBXBuildFile; fileRef = 86A436871B1CD5A9005CE1A1 /* CyclecityTests.swift */; };
		86D6EF411B1D0C1300EB27BF /* AppDependenciesSpec.swift in Sources */ = {isa = PBXBuildFile; fileRef = 86D6EF401B1D0C1300EB27BF /* AppDependenciesSpec.swift */; };
/* End PBXBuildFile section */

/* Begin PBXContainerItemProxy section */
		86A436821B1CD5A9005CE1A1 /* PBXContainerItemProxy */ = {
			isa = PBXContainerItemProxy;
			containerPortal = 86A436641B1CD5A9005CE1A1 /* Project object */;
			proxyType = 1;
			remoteGlobalIDString = 86A4366B1B1CD5A9005CE1A1;
			remoteInfo = Cyclecity;
		};
/* End PBXContainerItemProxy section */

/* Begin PBXFileReference section */
		03A4A3D1981D5F28E13A3A59 /* Pods_CyclecityTests.framework */ = {isa = PBXFileReference; explicitFileType = wrapper.framework; includeInIndex = 0; path = Pods_CyclecityTests.framework; sourceTree = BUILT_PRODUCTS_DIR; };
		67E2C200A86529489D75B624 /* Pods-CyclecityTests.debug.xcconfig */ = {isa = PBXFileReference; includeInIndex = 1; lastKnownFileType = text.xcconfig; name = "Pods-CyclecityTests.debug.xcconfig"; path = "Pods/Target Support Files/Pods-CyclecityTests/Pods-CyclecityTests.debug.xcconfig"; sourceTree = "<group>"; };
		866711381B1CD6950057774E /* AppDependencies.swift */ = {isa = PBXFileReference; fileEncoding = 4; lastKnownFileType = sourcecode.swift; path = AppDependencies.swift; sourceTree = "<group>"; };
		866711391B1CD6950057774E /* HomeWireframe.swift */ = {isa = PBXFileReference; fileEncoding = 4; lastKnownFileType = sourcecode.swift; path = HomeWireframe.swift; sourceTree = "<group>"; };
		8667113A1B1CD6950057774E /* RootWireframe.swift */ = {isa = PBXFileReference; fileEncoding = 4; lastKnownFileType = sourcecode.swift; path = RootWireframe.swift; sourceTree = "<group>"; };
		8667113E1B1CD7230057774E /* HomeViewController.swift */ = {isa = PBXFileReference; fileEncoding = 4; lastKnownFileType = sourcecode.swift; path = HomeViewController.swift; sourceTree = "<group>"; };
		866711401B1CD7750057774E /* HomePresenter.swift */ = {isa = PBXFileReference; fileEncoding = 4; lastKnownFileType = sourcecode.swift; path = HomePresenter.swift; sourceTree = "<group>"; };
		86A4366C1B1CD5A9005CE1A1 /* Cyclecity.app */ = {isa = PBXFileReference; explicitFileType = wrapper.application; includeInIndex = 0; path = Cyclecity.app; sourceTree = BUILT_PRODUCTS_DIR; };
		86A436701B1CD5A9005CE1A1 /* Info.plist */ = {isa = PBXFileReference; lastKnownFileType = text.plist.xml; path = Info.plist; sourceTree = "<group>"; };
		86A436711B1CD5A9005CE1A1 /* AppDelegate.swift */ = {isa = PBXFileReference; lastKnownFileType = sourcecode.swift; path = AppDelegate.swift; sourceTree = "<group>"; };
		86A436731B1CD5A9005CE1A1 /* ViewController.swift */ = {isa = PBXFileReference; lastKnownFileType = sourcecode.swift; path = ViewController.swift; sourceTree = "<group>"; };
		86A436761B1CD5A9005CE1A1 /* Base */ = {isa = PBXFileReference; lastKnownFileType = file.storyboard; name = Base; path = Base.lproj/Main.storyboard; sourceTree = "<group>"; };
		86A436781B1CD5A9005CE1A1 /* Images.xcassets */ = {isa = PBXFileReference; lastKnownFileType = folder.assetcatalog; path = Images.xcassets; sourceTree = "<group>"; };
		86A4367B1B1CD5A9005CE1A1 /* Base */ = {isa = PBXFileReference; lastKnownFileType = file.xib; name = Base; path = Base.lproj/LaunchScreen.xib; sourceTree = "<group>"; };
		86A436811B1CD5A9005CE1A1 /* CyclecityTests.xctest */ = {isa = PBXFileReference; explicitFileType = wrapper.cfbundle; includeInIndex = 0; path = CyclecityTests.xctest; sourceTree = BUILT_PRODUCTS_DIR; };
		86A436861B1CD5A9005CE1A1 /* Info.plist */ = {isa = PBXFileReference; lastKnownFileType = text.plist.xml; path = Info.plist; sourceTree = "<group>"; };
		86A436871B1CD5A9005CE1A1 /* CyclecityTests.swift */ = {isa = PBXFileReference; lastKnownFileType = sourcecode.swift; path = CyclecityTests.swift; sourceTree = "<group>"; };
		86D6EF401B1D0C1300EB27BF /* AppDependenciesSpec.swift */ = {isa = PBXFileReference; fileEncoding = 4; lastKnownFileType = sourcecode.swift; path = AppDependenciesSpec.swift; sourceTree = "<group>"; };
		B72303B35C8DB7197496F702 /* Pods-CyclecityTests.release.xcconfig */ = {isa = PBXFileReference; includeInIndex = 1; lastKnownFileType = text.xcconfig; name = "Pods-CyclecityTests.release.xcconfig"; path = "Pods/Target Support Files/Pods-CyclecityTests/Pods-CyclecityTests.release.xcconfig"; sourceTree = "<group>"; };
/* End PBXFileReference section */

/* Begin PBXFrameworksBuildPhase section */
		86A436691B1CD5A9005CE1A1 /* Frameworks */ = {
			isa = PBXFrameworksBuildPhase;
			buildActionMask = 2147483647;
			files = (
			);
			runOnlyForDeploymentPostprocessing = 0;
		};
		86A4367E1B1CD5A9005CE1A1 /* Frameworks */ = {
			isa = PBXFrameworksBuildPhase;
			buildActionMask = 2147483647;
			files = (
				1574E1FB722AB6D2191D5CF4 /* Pods_CyclecityTests.framework in Frameworks */,
			);
			runOnlyForDeploymentPostprocessing = 0;
		};
/* End PBXFrameworksBuildPhase section */

/* Begin PBXGroup section */
		5DC07F792B2048FD80B6797F /* Pods */ = {
			isa = PBXGroup;
			children = (
				67E2C200A86529489D75B624 /* Pods-CyclecityTests.debug.xcconfig */,
				B72303B35C8DB7197496F702 /* Pods-CyclecityTests.release.xcconfig */,
			);
			name = Pods;
			sourceTree = "<group>";
		};
		86A436631B1CD5A9005CE1A1 = {
			isa = PBXGroup;
			children = (
				86A4366E1B1CD5A9005CE1A1 /* Cyclecity */,
				86A436841B1CD5A9005CE1A1 /* CyclecityTests */,
				86A4366D1B1CD5A9005CE1A1 /* Products */,
				5DC07F792B2048FD80B6797F /* Pods */,
				F3EABDBA461A8006125B8FBB /* Frameworks */,
			);
			sourceTree = "<group>";
		};
		86A4366D1B1CD5A9005CE1A1 /* Products */ = {
			isa = PBXGroup;
			children = (
				86A4366C1B1CD5A9005CE1A1 /* Cyclecity.app */,
				86A436811B1CD5A9005CE1A1 /* CyclecityTests.xctest */,
			);
			name = Products;
			sourceTree = "<group>";
		};
		86A4366E1B1CD5A9005CE1A1 /* Cyclecity */ = {
			isa = PBXGroup;
			children = (
				8667113E1B1CD7230057774E /* HomeViewController.swift */,
				866711381B1CD6950057774E /* AppDependencies.swift */,
				866711391B1CD6950057774E /* HomeWireframe.swift */,
				866711401B1CD7750057774E /* HomePresenter.swift */,
				8667113A1B1CD6950057774E /* RootWireframe.swift */,
				86A436711B1CD5A9005CE1A1 /* AppDelegate.swift */,
				86A436731B1CD5A9005CE1A1 /* ViewController.swift */,
				86A436751B1CD5A9005CE1A1 /* Main.storyboard */,
				86A436781B1CD5A9005CE1A1 /* Images.xcassets */,
				86A4367A1B1CD5A9005CE1A1 /* LaunchScreen.xib */,
				86A4366F1B1CD5A9005CE1A1 /* Supporting Files */,
			);
			path = Cyclecity;
			sourceTree = "<group>";
		};
		86A4366F1B1CD5A9005CE1A1 /* Supporting Files */ = {
			isa = PBXGroup;
			children = (
				86A436701B1CD5A9005CE1A1 /* Info.plist */,
			);
			name = "Supporting Files";
			sourceTree = "<group>";
		};
		86A436841B1CD5A9005CE1A1 /* CyclecityTests */ = {
			isa = PBXGroup;
			children = (
				86A436871B1CD5A9005CE1A1 /* CyclecityTests.swift */,
				86D6EF401B1D0C1300EB27BF /* AppDependenciesSpec.swift */,
				86A436851B1CD5A9005CE1A1 /* Supporting Files */,
			);
			path = CyclecityTests;
			sourceTree = "<group>";
		};
		86A436851B1CD5A9005CE1A1 /* Supporting Files */ = {
			isa = PBXGroup;
			children = (
				86A436861B1CD5A9005CE1A1 /* Info.plist */,
			);
			name = "Supporting Files";
			sourceTree = "<group>";
		};
		F3EABDBA461A8006125B8FBB /* Frameworks */ = {
			isa = PBXGroup;
			children = (
				03A4A3D1981D5F28E13A3A59 /* Pods_CyclecityTests.framework */,
			);
			name = Frameworks;
			sourceTree = "<group>";
		};
/* End PBXGroup section */

/* Begin PBXNativeTarget section */
		86A4366B1B1CD5A9005CE1A1 /* Cyclecity */ = {
			isa = PBXNativeTarget;
			buildConfigurationList = 86A4368B1B1CD5A9005CE1A1 /* Build configuration list for PBXNativeTarget "Cyclecity" */;
			buildPhases = (
				86A436681B1CD5A9005CE1A1 /* Sources */,
				86A436691B1CD5A9005CE1A1 /* Frameworks */,
				86A4366A1B1CD5A9005CE1A1 /* Resources */,
			);
			buildRules = (
			);
			dependencies = (
			);
			name = Cyclecity;
			productName = Cyclecity;
			productReference = 86A4366C1B1CD5A9005CE1A1 /* Cyclecity.app */;
			productType = "com.apple.product-type.application";
		};
		86A436801B1CD5A9005CE1A1 /* CyclecityTests */ = {
			isa = PBXNativeTarget;
			buildConfigurationList = 86A4368E1B1CD5A9005CE1A1 /* Build configuration list for PBXNativeTarget "CyclecityTests" */;
			buildPhases = (
				D1A8FD1AA80FE889A3601E5F /* Check Pods Manifest.lock */,
				86A4367D1B1CD5A9005CE1A1 /* Sources */,
				86A4367E1B1CD5A9005CE1A1 /* Frameworks */,
				86A4367F1B1CD5A9005CE1A1 /* Resources */,
				714F5EA3F8EC701DF3E3808B /* Embed Pods Frameworks */,
				DE3D1B89A52178ED708665E0 /* Copy Pods Resources */,
			);
			buildRules = (
			);
			dependencies = (
				86A436831B1CD5A9005CE1A1 /* PBXTargetDependency */,
			);
			name = CyclecityTests;
			productName = CyclecityTests;
			productReference = 86A436811B1CD5A9005CE1A1 /* CyclecityTests.xctest */;
			productType = "com.apple.product-type.bundle.unit-test";
		};
/* End PBXNativeTarget section */

/* Begin PBXProject section */
		86A436641B1CD5A9005CE1A1 /* Project object */ = {
			isa = PBXProject;
			attributes = {
				LastUpgradeCheck = 0630;
				ORGANIZATIONNAME = "g9Labs Design Studio";
				TargetAttributes = {
					86A4366B1B1CD5A9005CE1A1 = {
						CreatedOnToolsVersion = 6.3.2;
					};
					86A436801B1CD5A9005CE1A1 = {
						CreatedOnToolsVersion = 6.3.2;
						TestTargetID = 86A4366B1B1CD5A9005CE1A1;
					};
				};
			};
			buildConfigurationList = 86A436671B1CD5A9005CE1A1 /* Build configuration list for PBXProject "Cyclecity" */;
			compatibilityVersion = "Xcode 3.2";
			developmentRegion = English;
			hasScannedForEncodings = 0;
			knownRegions = (
				en,
				Base,
			);
			mainGroup = 86A436631B1CD5A9005CE1A1;
			productRefGroup = 86A4366D1B1CD5A9005CE1A1 /* Products */;
			projectDirPath = "";
			projectRoot = "";
			targets = (
				86A4366B1B1CD5A9005CE1A1 /* Cyclecity */,
				86A436801B1CD5A9005CE1A1 /* CyclecityTests */,
			);
		};
/* End PBXProject section */

/* Begin PBXResourcesBuildPhase section */
		86A4366A1B1CD5A9005CE1A1 /* Resources */ = {
			isa = PBXResourcesBuildPhase;
			buildActionMask = 2147483647;
			files = (
				86A436771B1CD5A9005CE1A1 /* Main.storyboard in Resources */,
				86A4367C1B1CD5A9005CE1A1 /* LaunchScreen.xib in Resources */,
				86A436791B1CD5A9005CE1A1 /* Images.xcassets in Resources */,
			);
			runOnlyForDeploymentPostprocessing = 0;
		};
		86A4367F1B1CD5A9005CE1A1 /* Resources */ = {
			isa = PBXResourcesBuildPhase;
			buildActionMask = 2147483647;
			files = (
			);
			runOnlyForDeploymentPostprocessing = 0;
		};
/* End PBXResourcesBuildPhase section */

/* Begin PBXShellScriptBuildPhase section */
		714F5EA3F8EC701DF3E3808B /* Embed Pods Frameworks */ = {
			isa = PBXShellScriptBuildPhase;
			buildActionMask = 2147483647;
			files = (
			);
			inputPaths = (
			);
			name = "Embed Pods Frameworks";
			outputPaths = (
			);
			runOnlyForDeploymentPostprocessing = 0;
			shellPath = /bin/sh;
			shellScript = "\"${SRCROOT}/Pods/Target Support Files/Pods-CyclecityTests/Pods-CyclecityTests-frameworks.sh\"\n";
			showEnvVarsInLog = 0;
		};
		D1A8FD1AA80FE889A3601E5F /* Check Pods Manifest.lock */ = {
			isa = PBXShellScriptBuildPhase;
			buildActionMask = 2147483647;
			files = (
			);
			inputPaths = (
			);
			name = "Check Pods Manifest.lock";
			outputPaths = (
			);
			runOnlyForDeploymentPostprocessing = 0;
			shellPath = /bin/sh;
			shellScript = "diff \"${PODS_ROOT}/../Podfile.lock\" \"${PODS_ROOT}/Manifest.lock\" > /dev/null\nif [[ $? != 0 ]] ; then\n    cat << EOM\nerror: The sandbox is not in sync with the Podfile.lock. Run 'pod install' or update your CocoaPods installation.\nEOM\n    exit 1\nfi\n";
			showEnvVarsInLog = 0;
		};
		DE3D1B89A52178ED708665E0 /* Copy Pods Resources */ = {
			isa = PBXShellScriptBuildPhase;
			buildActionMask = 2147483647;
			files = (
			);
			inputPaths = (
			);
			name = "Copy Pods Resources";
			outputPaths = (
			);
			runOnlyForDeploymentPostprocessing = 0;
			shellPath = /bin/sh;
			shellScript = "\"${SRCROOT}/Pods/Target Support Files/Pods-CyclecityTests/Pods-CyclecityTests-resources.sh\"\n";
			showEnvVarsInLog = 0;
		};
/* End PBXShellScriptBuildPhase section */

/* Begin PBXSourcesBuildPhase section */
		86A436681B1CD5A9005CE1A1 /* Sources */ = {
			isa = PBXSourcesBuildPhase;
			buildActionMask = 2147483647;
			files = (
				866711411B1CD7750057774E /* HomePresenter.swift in Sources */,
				8667113D1B1CD6950057774E /* RootWireframe.swift in Sources */,
				8667113B1B1CD6950057774E /* AppDependencies.swift in Sources */,
				8667113C1B1CD6950057774E /* HomeWireframe.swift in Sources */,
				86A436741B1CD5A9005CE1A1 /* ViewController.swift in Sources */,
				86A436721B1CD5A9005CE1A1 /* AppDelegate.swift in Sources */,
				8667113F1B1CD7230057774E /* HomeViewController.swift in Sources */,
			);
			runOnlyForDeploymentPostprocessing = 0;
		};
		86A4367D1B1CD5A9005CE1A1 /* Sources */ = {
			isa = PBXSourcesBuildPhase;
			buildActionMask = 2147483647;
			files = (
				86A436881B1CD5A9005CE1A1 /* CyclecityTests.swift in Sources */,
				86D6EF411B1D0C1300EB27BF /* AppDependenciesSpec.swift in Sources */,
			);
			runOnlyForDeploymentPostprocessing = 0;
		};
/* End PBXSourcesBuildPhase section */

/* Begin PBXTargetDependency section */
		86A436831B1CD5A9005CE1A1 /* PBXTargetDependency */ = {
			isa = PBXTargetDependency;
			target = 86A4366B1B1CD5A9005CE1A1 /* Cyclecity */;
			targetProxy = 86A436821B1CD5A9005CE1A1 /* PBXContainerItemProxy */;
		};
/* End PBXTargetDependency section */

/* Begin PBXVariantGroup section */
		86A436751B1CD5A9005CE1A1 /* Main.storyboard */ = {
			isa = PBXVariantGroup;
			children = (
				86A436761B1CD5A9005CE1A1 /* Base */,
			);
			name = Main.storyboard;
			sourceTree = "<group>";
		};
		86A4367A1B1CD5A9005CE1A1 /* LaunchScreen.xib */ = {
			isa = PBXVariantGroup;
			children = (
				86A4367B1B1CD5A9005CE1A1 /* Base */,
			);
			name = LaunchScreen.xib;
			sourceTree = "<group>";
		};
/* End PBXVariantGroup section */

/* Begin XCBuildConfiguration section */
		86A436891B1CD5A9005CE1A1 /* Debug */ = {
			isa = XCBuildConfiguration;
			buildSettings = {
				ALWAYS_SEARCH_USER_PATHS = NO;
				CLANG_CXX_LANGUAGE_STANDARD = "gnu++0x";
				CLANG_CXX_LIBRARY = "libc++";
				CLANG_ENABLE_MODULES = YES;
				CLANG_ENABLE_OBJC_ARC = YES;
				CLANG_WARN_BOOL_CONVERSION = YES;
				CLANG_WARN_CONSTANT_CONVERSION = YES;
				CLANG_WARN_DIRECT_OBJC_ISA_USAGE = YES_ERROR;
				CLANG_WARN_EMPTY_BODY = YES;
				CLANG_WARN_ENUM_CONVERSION = YES;
				CLANG_WARN_INT_CONVERSION = YES;
				CLANG_WARN_OBJC_ROOT_CLASS = YES_ERROR;
				CLANG_WARN_UNREACHABLE_CODE = YES;
				CLANG_WARN__DUPLICATE_METHOD_MATCH = YES;
				"CODE_SIGN_IDENTITY[sdk=iphoneos*]" = "iPhone Developer";
				COPY_PHASE_STRIP = NO;
				DEBUG_INFORMATION_FORMAT = "dwarf-with-dsym";
				ENABLE_STRICT_OBJC_MSGSEND = YES;
				GCC_C_LANGUAGE_STANDARD = gnu99;
				GCC_DYNAMIC_NO_PIC = NO;
				GCC_NO_COMMON_BLOCKS = YES;
				GCC_OPTIMIZATION_LEVEL = 0;
				GCC_PREPROCESSOR_DEFINITIONS = (
					"DEBUG=1",
					"$(inherited)",
				);
				GCC_SYMBOLS_PRIVATE_EXTERN = NO;
				GCC_WARN_64_TO_32_BIT_CONVERSION = YES;
				GCC_WARN_ABOUT_RETURN_TYPE = YES_ERROR;
				GCC_WARN_UNDECLARED_SELECTOR = YES;
				GCC_WARN_UNINITIALIZED_AUTOS = YES_AGGRESSIVE;
				GCC_WARN_UNUSED_FUNCTION = YES;
				GCC_WARN_UNUSED_VARIABLE = YES;
				IPHONEOS_DEPLOYMENT_TARGET = 8.3;
				MTL_ENABLE_DEBUG_INFO = YES;
				ONLY_ACTIVE_ARCH = YES;
				SDKROOT = iphoneos;
				SWIFT_OPTIMIZATION_LEVEL = "-Onone";
				TARGETED_DEVICE_FAMILY = "1,2";
			};
			name = Debug;
		};
		86A4368A1B1CD5A9005CE1A1 /* Release */ = {
			isa = XCBuildConfiguration;
			buildSettings = {
				ALWAYS_SEARCH_USER_PATHS = NO;
				CLANG_CXX_LANGUAGE_STANDARD = "gnu++0x";
				CLANG_CXX_LIBRARY = "libc++";
				CLANG_ENABLE_MODULES = YES;
				CLANG_ENABLE_OBJC_ARC = YES;
				CLANG_WARN_BOOL_CONVERSION = YES;
				CLANG_WARN_CONSTANT_CONVERSION = YES;
				CLANG_WARN_DIRECT_OBJC_ISA_USAGE = YES_ERROR;
				CLANG_WARN_EMPTY_BODY = YES;
				CLANG_WARN_ENUM_CONVERSION = YES;
				CLANG_WARN_INT_CONVERSION = YES;
				CLANG_WARN_OBJC_ROOT_CLASS = YES_ERROR;
				CLANG_WARN_UNREACHABLE_CODE = YES;
				CLANG_WARN__DUPLICATE_METHOD_MATCH = YES;
				"CODE_SIGN_IDENTITY[sdk=iphoneos*]" = "iPhone Developer";
				COPY_PHASE_STRIP = NO;
				DEBUG_INFORMATION_FORMAT = "dwarf-with-dsym";
				ENABLE_NS_ASSERTIONS = NO;
				ENABLE_STRICT_OBJC_MSGSEND = YES;
				GCC_C_LANGUAGE_STANDARD = gnu99;
				GCC_NO_COMMON_BLOCKS = YES;
				GCC_WARN_64_TO_32_BIT_CONVERSION = YES;
				GCC_WARN_ABOUT_RETURN_TYPE = YES_ERROR;
				GCC_WARN_UNDECLARED_SELECTOR = YES;
				GCC_WARN_UNINITIALIZED_AUTOS = YES_AGGRESSIVE;
				GCC_WARN_UNUSED_FUNCTION = YES;
				GCC_WARN_UNUSED_VARIABLE = YES;
				IPHONEOS_DEPLOYMENT_TARGET = 8.3;
				MTL_ENABLE_DEBUG_INFO = NO;
				SDKROOT = iphoneos;
				TARGETED_DEVICE_FAMILY = "1,2";
				VALIDATE_PRODUCT = YES;
			};
			name = Release;
		};
		86A4368C1B1CD5A9005CE1A1 /* Debug */ = {
			isa = XCBuildConfiguration;
			buildSettings = {
				ASSETCATALOG_COMPILER_APPICON_NAME = AppIcon;
				INFOPLIST_FILE = Cyclecity/Info.plist;
				LD_RUNPATH_SEARCH_PATHS = "$(inherited) @executable_path/Frameworks";
				PRODUCT_NAME = "$(TARGET_NAME)";
			};
			name = Debug;
		};
		86A4368D1B1CD5A9005CE1A1 /* Release */ = {
			isa = XCBuildConfiguration;
			buildSettings = {
				ASSETCATALOG_COMPILER_APPICON_NAME = AppIcon;
				INFOPLIST_FILE = Cyclecity/Info.plist;
				LD_RUNPATH_SEARCH_PATHS = "$(inherited) @executable_path/Frameworks";
				PRODUCT_NAME = "$(TARGET_NAME)";
			};
			name = Release;
		};
		86A4368F1B1CD5A9005CE1A1 /* Debug */ = {
			isa = XCBuildConfiguration;
			baseConfigurationReference = 67E2C200A86529489D75B624 /* Pods-CyclecityTests.debug.xcconfig */;
			buildSettings = {
				BUNDLE_LOADER = "$(TEST_HOST)";
				FRAMEWORK_SEARCH_PATHS = (
					"$(SDKROOT)/Developer/Library/Frameworks",
					"$(inherited)",
				);
				GCC_PREPROCESSOR_DEFINITIONS = (
					"DEBUG=1",
					"$(inherited)",
				);
				INFOPLIST_FILE = CyclecityTests/Info.plist;
				LD_RUNPATH_SEARCH_PATHS = "$(inherited) @executable_path/Frameworks @loader_path/Frameworks";
				PRODUCT_NAME = "$(TARGET_NAME)";
				TEST_HOST = "$(BUILT_PRODUCTS_DIR)/Cyclecity.app/Cyclecity";
			};
			name = Debug;
		};
		86A436901B1CD5A9005CE1A1 /* Release */ = {
			isa = XCBuildConfiguration;
			baseConfigurationReference = B72303B35C8DB7197496F702 /* Pods-CyclecityTests.release.xcconfig */;
			buildSettings = {
				BUNDLE_LOADER = "$(TEST_HOST)";
				FRAMEWORK_SEARCH_PATHS = (
					"$(SDKROOT)/Developer/Library/Frameworks",
					"$(inherited)",
				);
				INFOPLIST_FILE = CyclecityTests/Info.plist;
				LD_RUNPATH_SEARCH_PATHS = "$(inherited) @executable_path/Frameworks @loader_path/Frameworks";
				PRODUCT_NAME = "$(TARGET_NAME)";
				TEST_HOST = "$(BUILT_PRODUCTS_DIR)/Cyclecity.app/Cyclecity";
			};
			name = Release;
		};
/* End XCBuildConfiguration section */

/* Begin XCConfigurationList section */
		86A436671B1CD5A9005CE1A1 /* Build configuration list for PBXProject "Cyclecity" */ = {
			isa = XCConfigurationList;
			buildConfigurations = (
				86A436891B1CD5A9005CE1A1 /* Debug */,
				86A4368A1B1CD5A9005CE1A1 /* Release */,
			);
			defaultConfigurationIsVisible = 0;
			defaultConfigurationName = Release;
		};
		86A4368B1B1CD5A9005CE1A1 /* Build configuration list for PBXNativeTarget "Cyclecity" */ = {
			isa = XCConfigurationList;
			buildConfigurations = (
				86A4368C1B1CD5A9005CE1A1 /* Debug */,
				86A4368D1B1CD5A9005CE1A1 /* Release */,
			);
			defaultConfigurationIsVisible = 0;
			defaultConfigurationName = Release;
		};
		86A4368E1B1CD5A9005CE1A1 /* Build configuration list for PBXNativeTarget "CyclecityTests" */ = {
			isa = XCConfigurationList;
			buildConfigurations = (
				86A4368F1B1CD5A9005CE1A1 /* Debug */,
				86A436901B1CD5A9005CE1A1 /* Release */,
			);
			defaultConfigurationIsVisible = 0;
			defaultConfigurationName = Release;
		};
/* End XCConfigurationList section */
	};
	rootObject = 86A436641B1CD5A9005CE1A1 /* Project object */;
}
